
Microsoft Visual Studio Solution File, Format Version 12.00
# Visual Studio Version 16
VisualStudioVersion = 16.0.30503.244
MinimumVisualStudioVersion = 10.0.40219.1
Project("{FAE04EC0-301F-11D3-BF4B-00C04F79EFBC}") = "PaintGood", "PaintGood\PaintGood.csproj", "{4DA3D7AF-9CD5-4A5C-AFC9-9F8EA6032ADA}"
EndProject
Global
	GlobalSection(SolutionConfigurationPlatforms) = preSolution
		Debug|Any CPU = Debug|Any CPU
		Release|Any CPU = Release|Any CPU
	EndGlobalSection
	GlobalSection(ProjectConfigurationPlatforms) = postSolution
		{4DA3D7AF-9CD5-4A5C-AFC9-9F8EA6032ADA}.Debug|Any CPU.ActiveCfg = Debug|Any CPU
		{4DA3D7AF-9CD5-4A5C-AFC9-9F8EA6032ADA}.Debug|Any CPU.Build.0 = Debug|Any CPU
		{4DA3D7AF-9CD5-4A5C-AFC9-9F8EA6032ADA}.Release|Any CPU.ActiveCfg = Release|Any CPU
		{4DA3D7AF-9CD5-4A5C-AFC9-9F8EA6032ADA}.Release|Any CPU.Build.0 = Release|Any CPU
	EndGlobalSection
	GlobalSection(SolutionProperties) = preSolution
		HideSolutionNode = FALSE
	EndGlobalSection
	GlobalSection(ExtensibilityGlobals) = postSolution
		SolutionGuid = {56D8C7E9-ADDA-4968-A4F4-B0094B1532F3}
	EndGlobalSection
EndGlobal
